
Microsoft Visual Studio Solution File, Format Version 12.00
# Visual Studio Version 17
VisualStudioVersion = 17.1.32421.90
MinimumVisualStudioVersion = 10.0.40219.1
Project("{9A19103F-16F7-4668-BE54-9A1E7A4F7556}") = "TO-DO Api", "TO-DO Api.csproj", "{7D358323-D767-40B8-BC49-0295CB738597}"
EndProject
Project("{00D1A9C2-B5F0-4AF3-8072-F6C62B433612}") = "TodoDB", "..\TodoDB\TodoDB.sqlproj", "{755EC985-D8B2-485B-8A9F-2EABC626D430}"
EndProject
Global
	GlobalSection(SolutionConfigurationPlatforms) = preSolution
		Debug|Any CPU = Debug|Any CPU
		Release|Any CPU = Release|Any CPU
	EndGlobalSection
	GlobalSection(ProjectConfigurationPlatforms) = postSolution
		{7D358323-D767-40B8-BC49-0295CB738597}.Debug|Any CPU.ActiveCfg = Debug|Any CPU
		{7D358323-D767-40B8-BC49-0295CB738597}.Debug|Any CPU.Build.0 = Debug|Any CPU
		{7D358323-D767-40B8-BC49-0295CB738597}.Release|Any CPU.ActiveCfg = Release|Any CPU
		{7D358323-D767-40B8-BC49-0295CB738597}.Release|Any CPU.Build.0 = Release|Any CPU
		{755EC985-D8B2-485B-8A9F-2EABC626D430}.Debug|Any CPU.ActiveCfg = Debug|Any CPU
		{755EC985-D8B2-485B-8A9F-2EABC626D430}.Debug|Any CPU.Build.0 = Debug|Any CPU
		{755EC985-D8B2-485B-8A9F-2EABC626D430}.Debug|Any CPU.Deploy.0 = Debug|Any CPU
		{755EC985-D8B2-485B-8A9F-2EABC626D430}.Release|Any CPU.ActiveCfg = Release|Any CPU
		{755EC985-D8B2-485B-8A9F-2EABC626D430}.Release|Any CPU.Build.0 = Release|Any CPU
		{755EC985-D8B2-485B-8A9F-2EABC626D430}.Release|Any CPU.Deploy.0 = Release|Any CPU
	EndGlobalSection
	GlobalSection(SolutionProperties) = preSolution
		HideSolutionNode = FALSE
	EndGlobalSection
	GlobalSection(ExtensibilityGlobals) = postSolution
		SolutionGuid = {BF55F593-4588-45B1-844A-72C42FD59E31}
	EndGlobalSection
EndGlobal
